
Microsoft Visual Studio Solution File, Format Version 12.00
# Visual Studio Version 17
VisualStudioVersion = 17.0.31912.275
MinimumVisualStudioVersion = 10.0.40219.1
Project("{FAE04EC0-301F-11D3-BF4B-00C04F79EFBC}") = "SC.LK", "SC.LK\SC.LK.csproj", "{267FC9AE-BC82-4C7F-9C37-363E844EEDBC}"
EndProject
Project("{FAE04EC0-301F-11D3-BF4B-00C04F79EFBC}") = "SC.LK.Infrastructure.Api", "SC.LK.Infrastructure.Api\SC.LK.Infrastructure.Api.csproj", "{65329E1C-5D9C-4518-A122-0315E34F0C8A}"
EndProject
Project("{FAE04EC0-301F-11D3-BF4B-00C04F79EFBC}") = "SC.LK.Application", "SC.LK.Application\SC.LK.Application.csproj", "{A4625F8C-673E-458C-9EAD-2074E12EA702}"
EndProject
Project("{FAE04EC0-301F-11D3-BF4B-00C04F79EFBC}") = "SC.LK.Infrastructure.Database", "SC.LK.Infrastructure.Database\SC.LK.Infrastructure.Database.csproj", "{09181B84-45B2-432D-9C2B-BF746288BA7F}"
EndProject
Project("{FAE04EC0-301F-11D3-BF4B-00C04F79EFBC}") = "SC.LK.Infrastructure.InternalConnector", "SC.LK.Infrastructure.InternalConnector\SC.LK.Infrastructure.InternalConnector.csproj", "{6EBBC3B4-3246-49CD-BEAA-C162D5C0C263}"
EndProject
Project("{2150E333-8FDC-42A3-9474-1A3956D46DE8}") = "src", "src", "{4A61790F-CFC6-4B9F-B9D6-5FA340B0E2BE}"
EndProject
Project("{FAE04EC0-301F-11D3-BF4B-00C04F79EFBC}") = "SC.LK.Infrastructure.ConfiguratorDispatcher", "SC.LK.Infrastructure.ConfiguratorDispatcher\SC.LK.Infrastructure.ConfiguratorDispatcher.csproj", "{66F7E310-AB88-471D-9523-6E5BA50F9D0A}"
EndProject
Project("{FAE04EC0-301F-11D3-BF4B-00C04F79EFBC}") = "SC.LK.Infrastructure.ExternalConnector", "SC.LK.Infrastructure.ExternalConnector\SC.LK.Infrastructure.ExternalConnector.csproj", "{A9126DC8-C0EA-4468-AA8D-6189238DAA2A}"
EndProject
Project("{FAE04EC0-301F-11D3-BF4B-00C04F79EFBC}") = "SC.LK.Infrastructure.MailSender", "SC.LK.Infrastructure.MailSender\SC.LK.Infrastructure.MailSender.csproj", "{0D352707-C01A-410B-B091-E78D22592815}"
EndProject
Project("{FAE04EC0-301F-11D3-BF4B-00C04F79EFBC}") = "SC.LK.Infrastructure.BackgroundService", "SC.LK.Infrastructure.BackgroundService\SC.LK.Infrastructure.BackgroundService.csproj", "{BAD88566-F479-4032-A6A7-3C2772CE6E5F}"
EndProject
Project("{2150E333-8FDC-42A3-9474-1A3956D46DE8}") = "Test", "Test", "{B9D03AD1-BCDB-45A2-AD1E-9B46BD6BAB3E}"
EndProject
Project("{FAE04EC0-301F-11D3-BF4B-00C04F79EFBC}") = "SC.LK.Test", "SC.LK.Test\SC.LK.Test.csproj", "{EFC3ED2C-212F-4BE3-B342-058656795ED4}"
EndProject
Global
	GlobalSection(SolutionConfigurationPlatforms) = preSolution
		Debug|Any CPU = Debug|Any CPU
		Release|Any CPU = Release|Any CPU
	EndGlobalSection
	GlobalSection(ProjectConfigurationPlatforms) = postSolution
		{267FC9AE-BC82-4C7F-9C37-363E844EEDBC}.Debug|Any CPU.ActiveCfg = Debug|Any CPU
		{267FC9AE-BC82-4C7F-9C37-363E844EEDBC}.Debug|Any CPU.Build.0 = Debug|Any CPU
		{267FC9AE-BC82-4C7F-9C37-363E844EEDBC}.Release|Any CPU.ActiveCfg = Release|Any CPU
		{267FC9AE-BC82-4C7F-9C37-363E844EEDBC}.Release|Any CPU.Build.0 = Release|Any CPU
		{65329E1C-5D9C-4518-A122-0315E34F0C8A}.Debug|Any CPU.ActiveCfg = Debug|Any CPU
		{65329E1C-5D9C-4518-A122-0315E34F0C8A}.Debug|Any CPU.Build.0 = Debug|Any CPU
		{65329E1C-5D9C-4518-A122-0315E34F0C8A}.Release|Any CPU.ActiveCfg = Release|Any CPU
		{65329E1C-5D9C-4518-A122-0315E34F0C8A}.Release|Any CPU.Build.0 = Release|Any CPU
		{A4625F8C-673E-458C-9EAD-2074E12EA702}.Debug|Any CPU.ActiveCfg = Debug|Any CPU
		{A4625F8C-673E-458C-9EAD-2074E12EA702}.Debug|Any CPU.Build.0 = Debug|Any CPU
		{A4625F8C-673E-458C-9EAD-2074E12EA702}.Release|Any CPU.ActiveCfg = Release|Any CPU
		{A4625F8C-673E-458C-9EAD-2074E12EA702}.Release|Any CPU.Build.0 = Release|Any CPU
		{09181B84-45B2-432D-9C2B-BF746288BA7F}.Debug|Any CPU.ActiveCfg = Debug|Any CPU
		{09181B84-45B2-432D-9C2B-BF746288BA7F}.Debug|Any CPU.Build.0 = Debug|Any CPU
		{09181B84-45B2-432D-9C2B-BF746288BA7F}.Release|Any CPU.ActiveCfg = Release|Any CPU
		{09181B84-45B2-432D-9C2B-BF746288BA7F}.Release|Any CPU.Build.0 = Release|Any CPU
		{6EBBC3B4-3246-49CD-BEAA-C162D5C0C263}.Debug|Any CPU.ActiveCfg = Debug|Any CPU
		{6EBBC3B4-3246-49CD-BEAA-C162D5C0C263}.Debug|Any CPU.Build.0 = Debug|Any CPU
		{6EBBC3B4-3246-49CD-BEAA-C162D5C0C263}.Release|Any CPU.ActiveCfg = Release|Any CPU
		{6EBBC3B4-3246-49CD-BEAA-C162D5C0C263}.Release|Any CPU.Build.0 = Release|Any CPU
		{66F7E310-AB88-471D-9523-6E5BA50F9D0A}.Debug|Any CPU.ActiveCfg = Debug|Any CPU
		{66F7E310-AB88-471D-9523-6E5BA50F9D0A}.Debug|Any CPU.Build.0 = Debug|Any CPU
		{66F7E310-AB88-471D-9523-6E5BA50F9D0A}.Release|Any CPU.ActiveCfg = Release|Any CPU
		{66F7E310-AB88-471D-9523-6E5BA50F9D0A}.Release|Any CPU.Build.0 = Release|Any CPU
		{A9126DC8-C0EA-4468-AA8D-6189238DAA2A}.Debug|Any CPU.ActiveCfg = Debug|Any CPU
		{A9126DC8-C0EA-4468-AA8D-6189238DAA2A}.Debug|Any CPU.Build.0 = Debug|Any CPU
		{A9126DC8-C0EA-4468-AA8D-6189238DAA2A}.Release|Any CPU.ActiveCfg = Release|Any CPU
		{A9126DC8-C0EA-4468-AA8D-6189238DAA2A}.Release|Any CPU.Build.0 = Release|Any CPU
		{0D352707-C01A-410B-B091-E78D22592815}.Debug|Any CPU.ActiveCfg = Debug|Any CPU
		{0D352707-C01A-410B-B091-E78D22592815}.Debug|Any CPU.Build.0 = Debug|Any CPU
		{0D352707-C01A-410B-B091-E78D22592815}.Release|Any CPU.ActiveCfg = Release|Any CPU
		{0D352707-C01A-410B-B091-E78D22592815}.Release|Any CPU.Build.0 = Release|Any CPU
		{BAD88566-F479-4032-A6A7-3C2772CE6E5F}.Debug|Any CPU.ActiveCfg = Debug|Any CPU
		{BAD88566-F479-4032-A6A7-3C2772CE6E5F}.Debug|Any CPU.Build.0 = Debug|Any CPU
		{BAD88566-F479-4032-A6A7-3C2772CE6E5F}.Release|Any CPU.ActiveCfg = Release|Any CPU
		{BAD88566-F479-4032-A6A7-3C2772CE6E5F}.Release|Any CPU.Build.0 = Release|Any CPU
		{EFC3ED2C-212F-4BE3-B342-058656795ED4}.Debug|Any CPU.ActiveCfg = Debug|Any CPU
		{EFC3ED2C-212F-4BE3-B342-058656795ED4}.Debug|Any CPU.Build.0 = Debug|Any CPU
		{EFC3ED2C-212F-4BE3-B342-058656795ED4}.Release|Any CPU.ActiveCfg = Release|Any CPU
		{EFC3ED2C-212F-4BE3-B342-058656795ED4}.Release|Any CPU.Build.0 = Release|Any CPU
	EndGlobalSection
	GlobalSection(SolutionProperties) = preSolution
		HideSolutionNode = FALSE
	EndGlobalSection
	GlobalSection(NestedProjects) = preSolution
		{267FC9AE-BC82-4C7F-9C37-363E844EEDBC} = {4A61790F-CFC6-4B9F-B9D6-5FA340B0E2BE}
		{65329E1C-5D9C-4518-A122-0315E34F0C8A} = {4A61790F-CFC6-4B9F-B9D6-5FA340B0E2BE}
		{A4625F8C-673E-458C-9EAD-2074E12EA702} = {4A61790F-CFC6-4B9F-B9D6-5FA340B0E2BE}
		{09181B84-45B2-432D-9C2B-BF746288BA7F} = {4A61790F-CFC6-4B9F-B9D6-5FA340B0E2BE}
		{6EBBC3B4-3246-49CD-BEAA-C162D5C0C263} = {4A61790F-CFC6-4B9F-B9D6-5FA340B0E2BE}
		{66F7E310-AB88-471D-9523-6E5BA50F9D0A} = {4A61790F-CFC6-4B9F-B9D6-5FA340B0E2BE}
		{A9126DC8-C0EA-4468-AA8D-6189238DAA2A} = {4A61790F-CFC6-4B9F-B9D6-5FA340B0E2BE}
		{0D352707-C01A-410B-B091-E78D22592815} = {4A61790F-CFC6-4B9F-B9D6-5FA340B0E2BE}
		{BAD88566-F479-4032-A6A7-3C2772CE6E5F} = {4A61790F-CFC6-4B9F-B9D6-5FA340B0E2BE}
		{EFC3ED2C-212F-4BE3-B342-058656795ED4} = {B9D03AD1-BCDB-45A2-AD1E-9B46BD6BAB3E}
	EndGlobalSection
	GlobalSection(ExtensibilityGlobals) = postSolution
		SolutionGuid = {37444AAD-290F-4ACA-B543-0FD313422DD1}
	EndGlobalSection
EndGlobal
